
Microsoft Visual Studio Solution File, Format Version 12.00
# Visual Studio Version 17
VisualStudioVersion = 17.0.31903.59
MinimumVisualStudioVersion = 10.0.40219.1
Project("{FAE04EC0-301F-11D3-BF4B-00C04F79EFBC}") = "SQApp", "ProductsApp\SQApp.csproj", "{77867FB5-C0FD-4A28-8AA3-97BF44EA59AD}"
EndProject
Global
	GlobalSection(SolutionConfigurationPlatforms) = preSolution
		Debug|Any CPU = Debug|Any CPU
		Release|Any CPU = Release|Any CPU
	EndGlobalSection
	GlobalSection(ProjectConfigurationPlatforms) = postSolution
		{77867FB5-C0FD-4A28-8AA3-97BF44EA59AD}.Debug|Any CPU.ActiveCfg = Debug|Any CPU
		{77867FB5-C0FD-4A28-8AA3-97BF44EA59AD}.Debug|Any CPU.Build.0 = Debug|Any CPU
		{77867FB5-C0FD-4A28-8AA3-97BF44EA59AD}.Release|Any CPU.ActiveCfg = Release|Any CPU
		{77867FB5-C0FD-4A28-8AA3-97BF44EA59AD}.Release|Any CPU.Build.0 = Release|Any CPU
	EndGlobalSection
	GlobalSection(SolutionProperties) = preSolution
		HideSolutionNode = FALSE
	EndGlobalSection
	GlobalSection(ExtensibilityGlobals) = postSolution
		SolutionGuid = {7C5B69BC-0EAD-4507-890B-6DDC435D7D77}
	EndGlobalSection
EndGlobal
